
Microsoft Visual Studio Solution File, Format Version 12.00
# Visual Studio Version 16
VisualStudioVersion = 16.0.31410.357
MinimumVisualStudioVersion = 10.0.40219.1
Project("{FAE04EC0-301F-11D3-BF4B-00C04F79EFBC}") = "DoctorWho", "DoctorWho\DoctorWho.csproj", "{17E7EB8B-E796-4447-A8DE-075B97840DCF}"
EndProject
Global
	GlobalSection(SolutionConfigurationPlatforms) = preSolution
		Debug|Any CPU = Debug|Any CPU
		Release|Any CPU = Release|Any CPU
	EndGlobalSection
	GlobalSection(ProjectConfigurationPlatforms) = postSolution
		{17E7EB8B-E796-4447-A8DE-075B97840DCF}.Debug|Any CPU.ActiveCfg = Debug|Any CPU
		{17E7EB8B-E796-4447-A8DE-075B97840DCF}.Debug|Any CPU.Build.0 = Debug|Any CPU
		{17E7EB8B-E796-4447-A8DE-075B97840DCF}.Release|Any CPU.ActiveCfg = Release|Any CPU
		{17E7EB8B-E796-4447-A8DE-075B97840DCF}.Release|Any CPU.Build.0 = Release|Any CPU
	EndGlobalSection
	GlobalSection(SolutionProperties) = preSolution
		HideSolutionNode = FALSE
	EndGlobalSection
	GlobalSection(ExtensibilityGlobals) = postSolution
		SolutionGuid = {6DA82AE0-367A-48C4-82D9-4A97124BE406}
	EndGlobalSection
EndGlobal
